
Microsoft Visual Studio Solution File, Format Version 12.00
# Visual Studio 14
VisualStudioVersion = 14.0.25420.1
MinimumVisualStudioVersion = 10.0.40219.1
Project("{FAE04EC0-301F-11D3-BF4B-00C04F79EFBC}") = "mvctest", "mvctest\mvctest.csproj", "{D77AB959-C20A-468D-8A8C-4631666F4DDC}"
EndProject
Global
	GlobalSection(SolutionConfigurationPlatforms) = preSolution
		Local Debug 8.2|Any CPU = Local Debug 8.2|Any CPU
		Release.DEV.CM|Any CPU = Release.DEV.CM|Any CPU
	EndGlobalSection
	GlobalSection(ProjectConfigurationPlatforms) = postSolution
		{D77AB959-C20A-468D-8A8C-4631666F4DDC}.Local Debug 8.2|Any CPU.ActiveCfg = Local Debug 8.2|Any CPU
		{D77AB959-C20A-468D-8A8C-4631666F4DDC}.Local Debug 8.2|Any CPU.Build.0 = Local Debug 8.2|Any CPU
		{D77AB959-C20A-468D-8A8C-4631666F4DDC}.Release.DEV.CM|Any CPU.ActiveCfg = Release.DEV.CM|Any CPU
		{D77AB959-C20A-468D-8A8C-4631666F4DDC}.Release.DEV.CM|Any CPU.Build.0 = Release.DEV.CM|Any CPU
	EndGlobalSection
	GlobalSection(SolutionProperties) = preSolution
		HideSolutionNode = FALSE
	EndGlobalSection
EndGlobal
