
Microsoft Visual Studio Solution File, Format Version 12.00
# Visual Studio 14
VisualStudioVersion = 14.0.24720.0
MinimumVisualStudioVersion = 10.0.40219.1
Project("{FAE04EC0-301F-11D3-BF4B-00C04F79EFBC}") = "mvctest", "mvctest\mvctest.csproj", "{D77AB959-C20A-468D-8A8C-4631666F4DDC}"
EndProject
Project("{CAA73BB0-EF22-4D79-A57E-DF67B3BA9C80}") = "Master", "Master\Master.scproj", "{D5A386D9-C724-47AE-A72F-A8708EEFE21B}"
EndProject
Global
	GlobalSection(SolutionConfigurationPlatforms) = preSolution
		Debug|Any CPU = Debug|Any CPU
		Release|Any CPU = Release|Any CPU
	EndGlobalSection
	GlobalSection(ProjectConfigurationPlatforms) = postSolution
		{D77AB959-C20A-468D-8A8C-4631666F4DDC}.Debug|Any CPU.ActiveCfg = Debug|Any CPU
		{D77AB959-C20A-468D-8A8C-4631666F4DDC}.Debug|Any CPU.Build.0 = Debug|Any CPU
		{D77AB959-C20A-468D-8A8C-4631666F4DDC}.Release|Any CPU.ActiveCfg = Release|Any CPU
		{D77AB959-C20A-468D-8A8C-4631666F4DDC}.Release|Any CPU.Build.0 = Release|Any CPU
		{D5A386D9-C724-47AE-A72F-A8708EEFE21B}.Debug|Any CPU.ActiveCfg = Debug|Any CPU
		{D5A386D9-C724-47AE-A72F-A8708EEFE21B}.Debug|Any CPU.Build.0 = Debug|Any CPU
		{D5A386D9-C724-47AE-A72F-A8708EEFE21B}.Debug|Any CPU.Deploy.0 = Debug|Any CPU
		{D5A386D9-C724-47AE-A72F-A8708EEFE21B}.Release|Any CPU.ActiveCfg = Release|Any CPU
		{D5A386D9-C724-47AE-A72F-A8708EEFE21B}.Release|Any CPU.Build.0 = Release|Any CPU
		{D5A386D9-C724-47AE-A72F-A8708EEFE21B}.Release|Any CPU.Deploy.0 = Release|Any CPU
	EndGlobalSection
	GlobalSection(SolutionProperties) = preSolution
		HideSolutionNode = FALSE
	EndGlobalSection
EndGlobal
